
Microsoft Visual Studio Solution File, Format Version 12.00
# Visual Studio Version 16
VisualStudioVersion = 16.0.34601.136
MinimumVisualStudioVersion = 10.0.40219.1
Project("{FAE04EC0-301F-11D3-BF4B-00C04F79EFBC}") = "PARCIAL1PROGRA3", "PARCIAL1PROGRA3\PARCIAL1PROGRA3.csproj", "{F66EAA4C-29DE-4894-8AC7-D6C3BE4F9B4F}"
EndProject
Global
	GlobalSection(SolutionConfigurationPlatforms) = preSolution
		Debug|Any CPU = Debug|Any CPU
		Release|Any CPU = Release|Any CPU
	EndGlobalSection
	GlobalSection(ProjectConfigurationPlatforms) = postSolution
		{F66EAA4C-29DE-4894-8AC7-D6C3BE4F9B4F}.Debug|Any CPU.ActiveCfg = Debug|Any CPU
		{F66EAA4C-29DE-4894-8AC7-D6C3BE4F9B4F}.Debug|Any CPU.Build.0 = Debug|Any CPU
		{F66EAA4C-29DE-4894-8AC7-D6C3BE4F9B4F}.Release|Any CPU.ActiveCfg = Release|Any CPU
		{F66EAA4C-29DE-4894-8AC7-D6C3BE4F9B4F}.Release|Any CPU.Build.0 = Release|Any CPU
	EndGlobalSection
	GlobalSection(SolutionProperties) = preSolution
		HideSolutionNode = FALSE
	EndGlobalSection
	GlobalSection(ExtensibilityGlobals) = postSolution
		SolutionGuid = {AA23AC6D-F805-4541-AE31-7AE12013D104}
	EndGlobalSection
EndGlobal
